Microsoft Visual Studio Solution File, Format Version 12.00
# Visual Studio Version 18
VisualStudioVersion = 18.3.11520.95 d18.3
MinimumVisualStudioVersion = 10.0.40219.1
Project("{FAE04EC0-301F-11D3-BF4B-00C04F79EFBC}") = "AudioIntelDesktop", "AudioIntelDesktop\AudioIntelDesktop.csproj", "{C0AB7E7D-09D2-AA49-376F-3BC3B36FEF0A}"
EndProject
Project("{FAE04EC0-301F-11D3-BF4B-00C04F79EFBC}") = "AudioIntel.AllOS", "..\AudioIntel.AllOS\AudioIntel.AllOS.csproj", "{58DDD64F-6255-4F5A-A0BF-A56501EE0E1C}"
EndProject
Global
	GlobalSection(SolutionConfigurationPlatforms) = preSolution
		Debug|Any CPU = Debug|Any CPU
		Release|Any CPU = Release|Any CPU
	EndGlobalSection
	GlobalSection(ProjectConfigurationPlatforms) = postSolution
		{C0AB7E7D-09D2-AA49-376F-3BC3B36FEF0A}.Debug|Any CPU.ActiveCfg = Debug|Any CPU
		{C0AB7E7D-09D2-AA49-376F-3BC3B36FEF0A}.Debug|Any CPU.Build.0 = Debug|Any CPU
		{C0AB7E7D-09D2-AA49-376F-3BC3B36FEF0A}.Release|Any CPU.ActiveCfg = Release|Any CPU
		{C0AB7E7D-09D2-AA49-376F-3BC3B36FEF0A}.Release|Any CPU.Build.0 = Release|Any CPU
		{58DDD64F-6255-4F5A-A0BF-A56501EE0E1C}.Debug|Any CPU.ActiveCfg = Debug|Any CPU
		{58DDD64F-6255-4F5A-A0BF-A56501EE0E1C}.Debug|Any CPU.Build.0 = Debug|Any CPU
		{58DDD64F-6255-4F5A-A0BF-A56501EE0E1C}.Release|Any CPU.ActiveCfg = Release|Any CPU
		{58DDD64F-6255-4F5A-A0BF-A56501EE0E1C}.Release|Any CPU.Build.0 = Release|Any CPU
	EndGlobalSection
	GlobalSection(SolutionProperties) = preSolution
		HideSolutionNode = FALSE
	EndGlobalSection
	GlobalSection(ExtensibilityGlobals) = postSolution
		SolutionGuid = {E1702891-1489-40F6-AF6F-F9BD16B0AF2D}
	EndGlobalSection
EndGlobal
